PODS:
  - ActionSheetPicker-3.0 (2.3.0)
  - Alamofire (4.7.2)
  - AlamofireObjectMapper (5.0.0):
    - Alamofire (~> 4.1)
    - ObjectMapper (~> 3.0)
  - CryptoSwift (0.9.0)
  - iosutilities (1.0.2):
    - ActionSheetPicker-3.0
    - Alamofire
    - AlamofireObjectMapper
    - CryptoSwift
    - PKHUD
    - RealmSwift
  - ObjectMapper (3.1.0)
  - PKHUD (5.0.0)
  - Realm (3.5.0):
    - Realm/Headers (= 3.5.0)
  - Realm/Headers (3.5.0)
  - RealmSwift (3.5.0):
    - Realm (= 3.5.0)

DEPENDENCIES:
  - ActionSheetPicker-3.0
  - Alamofire
  - AlamofireObjectMapper
  - CryptoSwift
  - iosutilities (from `../`)
  - PKHUD
  - RealmSwift

EXTERNAL SOURCES:
  iosutilities:
    :path: ../

SPEC CHECKSUMS:
  ActionSheetPicker-3.0: eef157d75e151f255c5333d26656c7fbfe905a51
  Alamofire: e4fa87002c137ba2d8d634d2c51fabcda0d5c223
  AlamofireObjectMapper: 5fafc816351cbbc0d486611aaeba7461c0cbad49
  CryptoSwift: bca8c5b653dcc2d9734409242a070ff53bafac86
  iosutilities: 4a42acb05863286be08c08fcf160965e2bc54e8b
  ObjectMapper: 20505058f54e5c3ca69e1d6de9897d152a5369a6
  PKHUD: 3c001512c6e002091184197a8de7a20420786e3b
  Realm: 0378021c424e4e2bd6a0e63b27881e929d9b9ad1
  RealmSwift: 3322562622fda2ad596985ead4d8d8be30cf838c

PODFILE CHECKSUM: 44cc78f3db192ffe503148925d0f64d236cfc1c0

COCOAPODS: 1.4.0
